// !$*UTF8*$!
{
	archiveVersion = 1;
	classes = {
	};
	objectVersion = 46;
	objects = {

/* Begin PBXBuildFile section */
		7CDFC1641F0CE049008BE4E7 /* main.m in Sources */ = {isa = PBXBuildFile; fileRef = 7CDFC1631F0CE049008BE4E7 /* main.m */; };
		7CDFC1671F0CE049008BE4E7 /* AppDelegate.m in Sources */ = {isa = PBXBuildFile; fileRef = 7CDFC1661F0CE049008BE4E7 /* AppDelegate.m */; };
		7CDFC16A1F0CE049008BE4E7 /* ViewController.m in Sources */ = {isa = PBXBuildFile; fileRef = 7CDFC1691F0CE049008BE4E7 /* ViewController.m */; };
		7CDFC16D1F0CE049008BE4E7 /* Main.storyboard in Resources */ = {isa = PBXBuildFile; fileRef = 7CDFC16B1F0CE049008BE4E7 /* Main.storyboard */; };
		7CDFC16F1F0CE049008BE4E7 /* Assets.xcassets in Resources */ = {isa = PBXBuildFile; fileRef = 7CDFC16E1F0CE049008BE4E7 /* Assets.xcassets */; };
		7CDFC1721F0CE049008BE4E7 /* LaunchScreen.storyboard in Resources */ = {isa = PBXBuildFile; fileRef = 7CDFC1701F0CE049008BE4E7 /* LaunchScreen.storyboard */; };
		7CDFC17D1F0CE049008BE4E7 /* TransferTests.m in Sources */ = {isa = PBXBuildFile; fileRef = 7CDFC17C1F0CE049008BE4E7 /* TransferTests.m */; };
		7CDFC1881F0CE049008BE4E7 /* TransferUITests.m in Sources */ = {isa = PBXBuildFile; fileRef = 7CDFC1871F0CE049008BE4E7 /* TransferUITests.m */; };
/* End PBXBuildFile section */

/* Begin PBXContainerItemProxy section */
		7CDFC1791F0CE049008BE4E7 /* PBXContainerItemProxy */ = {
			isa = PBXContainerItemProxy;
			containerPortal = 7CDFC1571F0CE048008BE4E7 /* Project object */;
			proxyType = 1;
			remoteGlobalIDString = 7CDFC15E1F0CE049008BE4E7;
			remoteInfo = Transfer;
		};
		7CDFC1841F0CE049008BE4E7 /* PBXContainerItemProxy */ = {
			isa = PBXContainerItemProxy;
			containerPortal = 7CDFC1571F0CE048008BE4E7 /* Project object */;
			proxyType = 1;
			remoteGlobalIDString = 7CDFC15E1F0CE049008BE4E7;
			remoteInfo = Transfer;
		};
/* End PBXContainerItemProxy section */

/* Begin PBXFileReference section */
		7CDFC15F1F0CE049008BE4E7 /* Transfer.app */ = {isa = PBXFileReference; explicitFileType = wrapper.application; includeInIndex = 0; path = Transfer.app; sourceTree = BUILT_PRODUCTS_DIR; };
		7CDFC1631F0CE049008BE4E7 /* main.m */ = {isa = PBXFileReference; lastKnownFileType = sourcecode.c.objc; path = main.m; sourceTree = "<group>"; };
		7CDFC1651F0CE049008BE4E7 /* AppDelegate.h */ = {isa = PBXFileReference; lastKnownFileType = sourcecode.c.h; path = AppDelegate.h; sourceTree = "<group>"; };
		7CDFC1661F0CE049008BE4E7 /* AppDelegate.m */ = {isa = PBXFileReference; lastKnownFileType = sourcecode.c.objc; path = AppDelegate.m; sourceTree = "<group>"; };
		7CDFC1681F0CE049008BE4E7 /* ViewController.h */ = {isa = PBXFileReference; lastKnownFileType = sourcecode.c.h; path = ViewController.h; sourceTree = "<group>"; };
		7CDFC1691F0CE049008BE4E7 /* ViewController.m */ = {isa = PBXFileReference; lastKnownFileType = sourcecode.c.objc; path = ViewController.m; sourceTree = "<group>"; };
		7CDFC16C1F0CE049008BE4E7 /* Base */ = {isa = PBXFileReference; lastKnownFileType = file.storyboard; name = Base; path = Base.lproj/Main.storyboard; sourceTree = "<group>"; };
		7CDFC16E1F0CE049008BE4E7 /* Assets.xcassets */ = {isa = PBXFileReference; lastKnownFileType = folder.assetcatalog; path = Assets.xcassets; sourceTree = "<group>"; };
		7CDFC1711F0CE049008BE4E7 /* Base */ = {isa = PBXFileReference; lastKnownFileType = file.storyboard; name = Base; path = Base.lproj/LaunchScreen.storyboard; sourceTree = "<group>"; };
		7CDFC1731F0CE049008BE4E7 /* Info.plist */ = {isa = PBXFileReference; lastKnownFileType = text.plist.xml; path = Info.plist; sourceTree = "<group>"; };
		7CDFC1781F0CE049008BE4E7 /* TransferTests.xctest */ = {isa = PBXFileReference; explicitFileType = wrapper.cfbundle; includeInIndex = 0; path = TransferTests.xctest; sourceTree = BUILT_PRODUCTS_DIR; };
		7CDFC17C1F0CE049008BE4E7 /* TransferTests.m */ = {isa = PBXFileReference; lastKnownFileType = sourcecode.c.objc; path = TransferTests.m; sourceTree = "<group>"; };
		7CDFC17E1F0CE049008BE4E7 /* Info.plist */ = {isa = PBXFileReference; lastKnownFileType = text.plist.xml; path = Info.plist; sourceTree = "<group>"; };
		7CDFC1831F0CE049008BE4E7 /* TransferUITests.xctest */ = {isa = PBXFileReference; explicitFileType = wrapper.cfbundle; includeInIndex = 0; path = TransferUITests.xctest; sourceTree = BUILT_PRODUCTS_DIR; };
		7CDFC1871F0CE049008BE4E7 /* TransferUITests.m */ = {isa = PBXFileReference; lastKnownFileType = sourcecode.c.objc; path = TransferUITests.m; sourceTree = "<group>"; };
		7CDFC1891F0CE049008BE4E7 /* Info.plist */ = {isa = PBXFileReference; lastKnownFileType = text.plist.xml; path = Info.plist; sourceTree = "<group>"; };
/* End PBXFileReference section */

/* Begin PBXFrameworksBuildPhase section */
		7CDFC15C1F0CE049008BE4E7 /* Frameworks */ = {
			isa = PBXFrameworksBuildPhase;
			buildActionMask = 2147483647;
			files = (
			);
			runOnlyForDeploymentPostprocessing = 0;
		};
		7CDFC1751F0CE049008BE4E7 /* Frameworks */ = {
			isa = PBXFrameworksBuildPhase;
			buildActionMask = 2147483647;
			files = (
			);
			runOnlyForDeploymentPostprocessing = 0;
		};
		7CDFC1801F0CE049008BE4E7 /* Frameworks */ = {
			isa = PBXFrameworksBuildPhase;
			buildActionMask = 2147483647;
			files = (
			);
			runOnlyForDeploymentPostprocessing = 0;
		};
/* End PBXFrameworksBuildPhase section */

/* Begin PBXGroup section */
		7CDFC1561F0CE048008BE4E7 = {
			isa = PBXGroup;
			children = (
				7CDFC1611F0CE049008BE4E7 /* Transfer */,
				7CDFC17B1F0CE049008BE4E7 /* TransferTests */,
				7CDFC1861F0CE049008BE4E7 /* TransferUITests */,
				7CDFC1601F0CE049008BE4E7 /* Products */,
			);
			sourceTree = "<group>";
		};
		7CDFC1601F0CE049008BE4E7 /* Products */ = {
			isa = PBXGroup;
			children = (
				7CDFC15F1F0CE049008BE4E7 /* Transfer.app */,
				7CDFC1781F0CE049008BE4E7 /* TransferTests.xctest */,
				7CDFC1831F0CE049008BE4E7 /* TransferUITests.xctest */,
			);
			name = Products;
			sourceTree = "<group>";
		};
		7CDFC1611F0CE049008BE4E7 /* Transfer */ = {
			isa = PBXGroup;
			children = (
				7CDFC1651F0CE049008BE4E7 /* AppDelegate.h */,
				7CDFC1661F0CE049008BE4E7 /* AppDelegate.m */,
				7CDFC1681F0CE049008BE4E7 /* ViewController.h */,
				7CDFC1691F0CE049008BE4E7 /* ViewController.m */,
				7CDFC16B1F0CE049008BE4E7 /* Main.storyboard */,
				7CDFC16E1F0CE049008BE4E7 /* Assets.xcassets */,
				7CDFC1701F0CE049008BE4E7 /* LaunchScreen.storyboard */,
				7CDFC1731F0CE049008BE4E7 /* Info.plist */,
				7CDFC1621F0CE049008BE4E7 /* Supporting Files */,
			);
			path = Transfer;
			sourceTree = "<group>";
		};
		7CDFC1621F0CE049008BE4E7 /* Supporting Files */ = {
			isa = PBXGroup;
			children = (
				7CDFC1631F0CE049008BE4E7 /* main.m */,
			);
			name = "Supporting Files";
			sourceTree = "<group>";
		};
		7CDFC17B1F0CE049008BE4E7 /* TransferTests */ = {
			isa = PBXGroup;
			children = (
				7CDFC17C1F0CE049008BE4E7 /* TransferTests.m */,
				7CDFC17E1F0CE049008BE4E7 /* Info.plist */,
			);
			path = TransferTests;
			sourceTree = "<group>";
		};
		7CDFC1861F0CE049008BE4E7 /* TransferUITests */ = {
			isa = PBXGroup;
			children = (
				7CDFC1871F0CE049008BE4E7 /* TransferUITests.m */,
				7CDFC1891F0CE049008BE4E7 /* Info.plist */,
			);
			path = TransferUITests;
			sourceTree = "<group>";
		};
/* End PBXGroup section */

/* Begin PBXNativeTarget section */
		7CDFC15E1F0CE049008BE4E7 /* Transfer */ = {
			isa = PBXNativeTarget;
			buildConfigurationList = 7CDFC18C1F0CE049008BE4E7 /* Build configuration list for PBXNativeTarget "Transfer" */;
			buildPhases = (
				7CDFC15B1F0CE049008BE4E7 /* Sources */,
				7CDFC15C1F0CE049008BE4E7 /* Frameworks */,
				7CDFC15D1F0CE049008BE4E7 /* Resources */,
			);
			buildRules = (
			);
			dependencies = (
			);
			name = Transfer;
			productName = Transfer;
			productReference = 7CDFC15F1F0CE049008BE4E7 /* Transfer.app */;
			productType = "com.apple.product-type.application";
		};
		7CDFC1771F0CE049008BE4E7 /* TransferTests */ = {
			isa = PBXNativeTarget;
			buildConfigurationList = 7CDFC18F1F0CE049008BE4E7 /* Build configuration list for PBXNativeTarget "TransferTests" */;
			buildPhases = (
				7CDFC1741F0CE049008BE4E7 /* Sources */,
				7CDFC1751F0CE049008BE4E7 /* Frameworks */,
				7CDFC1761F0CE049008BE4E7 /* Resources */,
			);
			buildRules = (
			);
			dependencies = (
				7CDFC17A1F0CE049008BE4E7 /* PBXTargetDependency */,
			);
			name = TransferTests;
			productName = TransferTests;
			productReference = 7CDFC1781F0CE049008BE4E7 /* TransferTests.xctest */;
			productType = "com.apple.product-type.bundle.unit-test";
		};
		7CDFC1821F0CE049008BE4E7 /* TransferUITests */ = {
			isa = PBXNativeTarget;
			buildConfigurationList = 7CDFC1921F0CE049008BE4E7 /* Build configuration list for PBXNativeTarget "TransferUITests" */;
			buildPhases = (
				7CDFC17F1F0CE049008BE4E7 /* Sources */,
				7CDFC1801F0CE049008BE4E7 /* Frameworks */,
				7CDFC1811F0CE049008BE4E7 /* Resources */,
			);
			buildRules = (
			);
			dependencies = (
				7CDFC1851F0CE049008BE4E7 /* PBXTargetDependency */,
			);
			name = TransferUITests;
			productName = TransferUITests;
			productReference = 7CDFC1831F0CE049008BE4E7 /* TransferUITests.xctest */;
			productType = "com.apple.product-type.bundle.ui-testing";
		};
/* End PBXNativeTarget section */

/* Begin PBXProject section */
		7CDFC1571F0CE048008BE4E7 /* Project object */ = {
			isa = PBXProject;
			attributes = {
				LastUpgradeCheck = 0820;
				ORGANIZATIONNAME = zhongjiasheng;
				TargetAttributes = {
					7CDFC15E1F0CE049008BE4E7 = {
						CreatedOnToolsVersion = 8.2.1;
						ProvisioningStyle = Automatic;
					};
					7CDFC1771F0CE049008BE4E7 = {
						CreatedOnToolsVersion = 8.2.1;
						ProvisioningStyle = Automatic;
						TestTargetID = 7CDFC15E1F0CE049008BE4E7;
					};
					7CDFC1821F0CE049008BE4E7 = {
						CreatedOnToolsVersion = 8.2.1;
						ProvisioningStyle = Automatic;
						TestTargetID = 7CDFC15E1F0CE049008BE4E7;
					};
				};
			};
			buildConfigurationList = 7CDFC15A1F0CE048008BE4E7 /* Build configuration list for PBXProject "Transfer" */;
			compatibilityVersion = "Xcode 3.2";
			developmentRegion = English;
			hasScannedForEncodings = 0;
			knownRegions = (
				en,
				Base,
			);
			mainGroup = 7CDFC1561F0CE048008BE4E7;
			productRefGroup = 7CDFC1601F0CE049008BE4E7 /* Products */;
			projectDirPath = "";
			projectRoot = "";
			targets = (
				7CDFC15E1F0CE049008BE4E7 /* Transfer */,
				7CDFC1771F0CE049008BE4E7 /* TransferTests */,
				7CDFC1821F0CE049008BE4E7 /* TransferUITests */,
			);
		};
/* End PBXProject section */

/* Begin PBXResourcesBuildPhase section */
		7CDFC15D1F0CE049008BE4E7 /* Resources */ = {
			isa = PBXResourcesBuildPhase;
			buildActionMask = 2147483647;
			files = (
				7CDFC1721F0CE049008BE4E7 /* LaunchScreen.storyboard in Resources */,
				7CDFC16F1F0CE049008BE4E7 /* Assets.xcassets in Resources */,
				7CDFC16D1F0CE049008BE4E7 /* Main.storyboard in Resources */,
			);
			runOnlyForDeploymentPostprocessing = 0;
		};
		7CDFC1761F0CE049008BE4E7 /* Resources */ = {
			isa = PBXResourcesBuildPhase;
			buildActionMask = 2147483647;
			files = (
			);
			runOnlyForDeploymentPostprocessing = 0;
		};
		7CDFC1811F0CE049008BE4E7 /* Resources */ = {
			isa = PBXResourcesBuildPhase;
			buildActionMask = 2147483647;
			files = (
			);
			runOnlyForDeploymentPostprocessing = 0;
		};
/* End PBXResourcesBuildPhase section */

/* Begin PBXSourcesBuildPhase section */
		7CDFC15B1F0CE049008BE4E7 /* Sources */ = {
			isa = PBXSourcesBuildPhase;
			buildActionMask = 2147483647;
			files = (
				7CDFC16A1F0CE049008BE4E7 /* ViewController.m in Sources */,
				7CDFC1671F0CE049008BE4E7 /* AppDelegate.m in Sources */,
				7CDFC1641F0CE049008BE4E7 /* main.m in Sources */,
			);
			runOnlyForDeploymentPostprocessing = 0;
		};
		7CDFC1741F0CE049008BE4E7 /* Sources */ = {
			isa = PBXSourcesBuildPhase;
			buildActionMask = 2147483647;
			files = (
				7CDFC17D1F0CE049008BE4E7 /* TransferTests.m in Sources */,
			);
			runOnlyForDeploymentPostprocessing = 0;
		};
		7CDFC17F1F0CE049008BE4E7 /* Sources */ = {
			isa = PBXSourcesBuildPhase;
			buildActionMask = 2147483647;
			files = (
				7CDFC1881F0CE049008BE4E7 /* TransferUITests.m in Sources */,
			);
			runOnlyForDeploymentPostprocessing = 0;
		};
/* End PBXSourcesBuildPhase section */

/* Begin PBXTargetDependency section */
		7CDFC17A1F0CE049008BE4E7 /* PBXTargetDependency */ = {
			isa = PBXTargetDependency;
			target = 7CDFC15E1F0CE049008BE4E7 /* Transfer */;
			targetProxy = 7CDFC1791F0CE049008BE4E7 /* PBXContainerItemProxy */;
		};
		7CDFC1851F0CE049008BE4E7 /* PBXTargetDependency */ = {
			isa = PBXTargetDependency;
			target = 7CDFC15E1F0CE049008BE4E7 /* Transfer */;
			targetProxy = 7CDFC1841F0CE049008BE4E7 /* PBXContainerItemProxy */;
		};
/* End PBXTargetDependency section */

/* Begin PBXVariantGroup section */
		7CDFC16B1F0CE049008BE4E7 /* Main.storyboard */ = {
			isa = PBXVariantGroup;
			children = (
				7CDFC16C1F0CE049008BE4E7 /* Base */,
			);
			name = Main.storyboard;
			sourceTree = "<group>";
		};
		7CDFC1701F0CE049008BE4E7 /* LaunchScreen.storyboard */ = {
			isa = PBXVariantGroup;
			children = (
				7CDFC1711F0CE049008BE4E7 /* Base */,
			);
			name = LaunchScreen.storyboard;
			sourceTree = "<group>";
		};
/* End PBXVariantGroup section */

/* Begin XCBuildConfiguration section */
		7CDFC18A1F0CE049008BE4E7 /* Debug */ = {
			isa = XCBuildConfiguration;
			buildSettings = {
				ALWAYS_SEARCH_USER_PATHS = NO;
				CLANG_ANALYZER_NONNULL = YES;
				CLANG_CXX_LANGUAGE_STANDARD = "gnu++0x";
				CLANG_CXX_LIBRARY = "libc++";
				CLANG_ENABLE_MODULES = YES;
				CLANG_ENABLE_OBJC_ARC = YES;
				CLANG_WARN_BOOL_CONVERSION = YES;
				CLANG_WARN_CONSTANT_CONVERSION = YES;
				CLANG_WARN_DIRECT_OBJC_ISA_USAGE = YES_ERROR;
				CLANG_WARN_DOCUMENTATION_COMMENTS = YES;
				CLANG_WARN_EMPTY_BODY = YES;
				CLANG_WARN_ENUM_CONVERSION = YES;
				CLANG_WARN_INFINITE_RECURSION = YES;
				CLANG_WARN_INT_CONVERSION = YES;
				CLANG_WARN_OBJC_ROOT_CLASS = YES_ERROR;
				CLANG_WARN_SUSPICIOUS_MOVE = YES;
				CLANG_WARN_UNREACHABLE_CODE = YES;
				CLANG_WARN__DUPLICATE_METHOD_MATCH = YES;
				"CODE_SIGN_IDENTITY[sdk=iphoneos*]" = "iPhone Developer";
				COPY_PHASE_STRIP = NO;
				DEBUG_INFORMATION_FORMAT = dwarf;
				ENABLE_STRICT_OBJC_MSGSEND = YES;
				ENABLE_TESTABILITY = YES;
				GCC_C_LANGUAGE_STANDARD = gnu99;
				GCC_DYNAMIC_NO_PIC = NO;
				GCC_NO_COMMON_BLOCKS = YES;
				GCC_OPTIMIZATION_LEVEL = 0;
				GCC_PREPROCESSOR_DEFINITIONS = (
					"DEBUG=1",
					"$(inherited)",
				);
				GCC_WARN_64_TO_32_BIT_CONVERSION = YES;
				GCC_WARN_ABOUT_RETURN_TYPE = YES_ERROR;
				GCC_WARN_UNDECLARED_SELECTOR = YES;
				GCC_WARN_UNINITIALIZED_AUTOS = YES_AGGRESSIVE;
				GCC_WARN_UNUSED_FUNCTION = YES;
				GCC_WARN_UNUSED_VARIABLE = YES;
				IPHONEOS_DEPLOYMENT_TARGET = 10.2;
				MTL_ENABLE_DEBUG_INFO = YES;
				ONLY_ACTIVE_ARCH = YES;
				SDKROOT = iphoneos;
				TARGETED_DEVICE_FAMILY = "1,2";
			};
			name = Debug;
		};
		7CDFC18B1F0CE049008BE4E7 /* Release */ = {
			isa = XCBuildConfiguration;
			buildSettings = {
				ALWAYS_SEARCH_USER_PATHS = NO;
				CLANG_ANALYZER_NONNULL = YES;
				CLANG_CXX_LANGUAGE_STANDARD = "gnu++0x";
				CLANG_CXX_LIBRARY = "libc++";
				CLANG_ENABLE_MODULES = YES;
				CLANG_ENABLE_OBJC_ARC = YES;
				CLANG_WARN_BOOL_CONVERSION = YES;
				CLANG_WARN_CONSTANT_CONVERSION = YES;
				CLANG_WARN_DIRECT_OBJC_ISA_USAGE = YES_ERROR;
				CLANG_WARN_DOCUMENTATION_COMMENTS = YES;
				CLANG_WARN_EMPTY_BODY = YES;
				CLANG_WARN_ENUM_CONVERSION = YES;
				CLANG_WARN_INFINITE_RECURSION = YES;
				CLANG_WARN_INT_CONVERSION = YES;
				CLANG_WARN_OBJC_ROOT_CLASS = YES_ERROR;
				CLANG_WARN_SUSPICIOUS_MOVE = YES;
				CLANG_WARN_UNREACHABLE_CODE = YES;
				CLANG_WARN__DUPLICATE_METHOD_MATCH = YES;
				"CODE_SIGN_IDENTITY[sdk=iphoneos*]" = "iPhone Developer";
				COPY_PHASE_STRIP = NO;
				DEBUG_INFORMATION_FORMAT = "dwarf-with-dsym";
				ENABLE_NS_ASSERTIONS = NO;
				ENABLE_STRICT_OBJC_MSGSEND = YES;
				GCC_C_LANGUAGE_STANDARD = gnu99;
				GCC_NO_COMMON_BLOCKS = YES;
				GCC_WARN_64_TO_32_BIT_CONVERSION = YES;
				GCC_WARN_ABOUT_RETURN_TYPE = YES_ERROR;
				GCC_WARN_UNDECLARED_SELECTOR = YES;
				GCC_WARN_UNINITIALIZED_AUTOS = YES_AGGRESSIVE;
				GCC_WARN_UNUSED_FUNCTION = YES;
				GCC_WARN_UNUSED_VARIABLE = YES;
				IPHONEOS_DEPLOYMENT_TARGET = 10.2;
				MTL_ENABLE_DEBUG_INFO = NO;
				SDKROOT = iphoneos;
				TARGETED_DEVICE_FAMILY = "1,2";
				VALIDATE_PRODUCT = YES;
			};
			name = Release;
		};
		7CDFC18D1F0CE049008BE4E7 /* Debug */ = {
			isa = XCBuildConfiguration;
			buildSettings = {
				ASSETCATALOG_COMPILER_APPICON_NAME = AppIcon;
				INFOPLIST_FILE = Transfer/Info.plist;
				LD_RUNPATH_SEARCH_PATHS = "$(inherited) @executable_path/Frameworks";
				PRODUCT_BUNDLE_IDENTIFIER = com.zhongjiasheng.Transfer;
				PRODUCT_NAME = "$(TARGET_NAME)";
			};
			name = Debug;
		};
		7CDFC18E1F0CE049008BE4E7 /* Release */ = {
			isa = XCBuildConfiguration;
			buildSettings = {
				ASSETCATALOG_COMPILER_APPICON_NAME = AppIcon;
				INFOPLIST_FILE = Transfer/Info.plist;
				LD_RUNPATH_SEARCH_PATHS = "$(inherited) @executable_path/Frameworks";
				PRODUCT_BUNDLE_IDENTIFIER = com.zhongjiasheng.Transfer;
				PRODUCT_NAME = "$(TARGET_NAME)";
			};
			name = Release;
		};
		7CDFC1901F0CE049008BE4E7 /* Debug */ = {
			isa = XCBuildConfiguration;
			buildSettings = {
				BUNDLE_LOADER = "$(TEST_HOST)";
				INFOPLIST_FILE = TransferTests/Info.plist;
				LD_RUNPATH_SEARCH_PATHS = "$(inherited) @executable_path/Frameworks @loader_path/Frameworks";
				PRODUCT_BUNDLE_IDENTIFIER = com.zhongjiasheng.TransferTests;
				PRODUCT_NAME = "$(TARGET_NAME)";
				TEST_HOST = "$(BUILT_PRODUCTS_DIR)/Transfer.app/Transfer";
			};
			name = Debug;
		};
		7CDFC1911F0CE049008BE4E7 /* Release */ = {
			isa = XCBuildConfiguration;
			buildSettings = {
				BUNDLE_LOADER = "$(TEST_HOST)";
				INFOPLIST_FILE = TransferTests/Info.plist;
				LD_RUNPATH_SEARCH_PATHS = "$(inherited) @executable_path/Frameworks @loader_path/Frameworks";
				PRODUCT_BUNDLE_IDENTIFIER = com.zhongjiasheng.TransferTests;
				PRODUCT_NAME = "$(TARGET_NAME)";
				TEST_HOST = "$(BUILT_PRODUCTS_DIR)/Transfer.app/Transfer";
			};
			name = Release;
		};
		7CDFC1931F0CE049008BE4E7 /* Debug */ = {
			isa = XCBuildConfiguration;
			buildSettings = {
				INFOPLIST_FILE = TransferUITests/Info.plist;
				LD_RUNPATH_SEARCH_PATHS = "$(inherited) @executable_path/Frameworks @loader_path/Frameworks";
				PRODUCT_BUNDLE_IDENTIFIER = com.zhongjiasheng.TransferUITests;
				PRODUCT_NAME = "$(TARGET_NAME)";
				TEST_TARGET_NAME = Transfer;
			};
			name = Debug;
		};
		7CDFC1941F0CE049008BE4E7 /* Release */ = {
			isa = XCBuildConfiguration;
			buildSettings = {
				INFOPLIST_FILE = TransferUITests/Info.plist;
				LD_RUNPATH_SEARCH_PATHS = "$(inherited) @executable_path/Frameworks @loader_path/Frameworks";
				PRODUCT_BUNDLE_IDENTIFIER = com.zhongjiasheng.TransferUITests;
				PRODUCT_NAME = "$(TARGET_NAME)";
				TEST_TARGET_NAME = Transfer;
			};
			name = Release;
		};
/* End XCBuildConfiguration section */

/* Begin XCConfigurationList section */
		7CDFC15A1F0CE048008BE4E7 /* Build configuration list for PBXProject "Transfer" */ = {
			isa = XCConfigurationList;
			buildConfigurations = (
				7CDFC18A1F0CE049008BE4E7 /* Debug */,
				7CDFC18B1F0CE049008BE4E7 /* Release */,
			);
			defaultConfigurationIsVisible = 0;
			defaultConfigurationName = Release;
		};
		7CDFC18C1F0CE049008BE4E7 /* Build configuration list for PBXNativeTarget "Transfer" */ = {
			isa = XCConfigurationList;
			buildConfigurations = (
				7CDFC18D1F0CE049008BE4E7 /* Debug */,
				7CDFC18E1F0CE049008BE4E7 /* Release */,
			);
			defaultConfigurationIsVisible = 0;
		};
		7CDFC18F1F0CE049008BE4E7 /* Build configuration list for PBXNativeTarget "TransferTests" */ = {
			isa = XCConfigurationList;
			buildConfigurations = (
				7CDFC1901F0CE049008BE4E7 /* Debug */,
				7CDFC1911F0CE049008BE4E7 /* Release */,
			);
			defaultConfigurationIsVisible = 0;
		};
		7CDFC1921F0CE049008BE4E7 /* Build configuration list for PBXNativeTarget "TransferUITests" */ = {
			isa = XCConfigurationList;
			buildConfigurations = (
				7CDFC1931F0CE049008BE4E7 /* Debug */,
				7CDFC1941F0CE049008BE4E7 /* Release */,
			);
			defaultConfigurationIsVisible = 0;
		};
/* End XCConfigurationList section */
	};
	rootObject = 7CDFC1571F0CE048008BE4E7 /* Project object */;
}
